
Microsoft Visual Studio Solution File, Format Version 12.00
# Visual Studio Version 17
VisualStudioVersion = 17.7.34202.233
MinimumVisualStudioVersion = 10.0.40219.1
Project("{FAE04EC0-301F-11D3-BF4B-00C04F79EFBC}") = "Lesson40 Task", "Lesson40 Task\Lesson40 Task.csproj", "{C96C8FFD-EA5F-4925-B25D-ECE4E9301EC6}"
EndProject
Global
	GlobalSection(SolutionConfigurationPlatforms) = preSolution
		Debug|Any CPU = Debug|Any CPU
		Release|Any CPU = Release|Any CPU
	EndGlobalSection
	GlobalSection(ProjectConfigurationPlatforms) = postSolution
		{C96C8FFD-EA5F-4925-B25D-ECE4E9301EC6}.Debug|Any CPU.ActiveCfg = Debug|Any CPU
		{C96C8FFD-EA5F-4925-B25D-ECE4E9301EC6}.Debug|Any CPU.Build.0 = Debug|Any CPU
		{C96C8FFD-EA5F-4925-B25D-ECE4E9301EC6}.Release|Any CPU.ActiveCfg = Release|Any CPU
		{C96C8FFD-EA5F-4925-B25D-ECE4E9301EC6}.Release|Any CPU.Build.0 = Release|Any CPU
	EndGlobalSection
	GlobalSection(SolutionProperties) = preSolution
		HideSolutionNode = FALSE
	EndGlobalSection
	GlobalSection(ExtensibilityGlobals) = postSolution
		SolutionGuid = {B74A296E-AA70-48C2-B682-F4C2E2523DC5}
	EndGlobalSection
EndGlobal
